
Microsoft Visual Studio Solution File, Format Version 12.00
# Visual Studio Version 16
VisualStudioVersion = 16.0.29215.179
MinimumVisualStudioVersion = 10.0.40219.1
Project("{FAE04EC0-301F-11D3-BF4B-00C04F79EFBC}") = "AdventureGame", "AdventureGame\AdventureGame.csproj", "{B812EA72-0493-4236-965F-0097AE084DD0}"
EndProject
Global
	GlobalSection(SolutionConfigurationPlatforms) = preSolution
		Debug|Any CPU = Debug|Any CPU
		Release|Any CPU = Release|Any CPU
	EndGlobalSection
	GlobalSection(ProjectConfigurationPlatforms) = postSolution
		{B812EA72-0493-4236-965F-0097AE084DD0}.Debug|Any CPU.ActiveCfg = Debug|Any CPU
		{B812EA72-0493-4236-965F-0097AE084DD0}.Debug|Any CPU.Build.0 = Debug|Any CPU
		{B812EA72-0493-4236-965F-0097AE084DD0}.Release|Any CPU.ActiveCfg = Release|Any CPU
		{B812EA72-0493-4236-965F-0097AE084DD0}.Release|Any CPU.Build.0 = Release|Any CPU
	EndGlobalSection
	GlobalSection(SolutionProperties) = preSolution
		HideSolutionNode = FALSE
	EndGlobalSection
	GlobalSection(ExtensibilityGlobals) = postSolution
		SolutionGuid = {8F2B4DD2-3E10-4F4C-B144-1353A2494AEA}
	EndGlobalSection
EndGlobal
